
Microsoft Visual Studio Solution File, Format Version 12.00
# Visual Studio Version 16
VisualStudioVersion = 16.0.32901.82
MinimumVisualStudioVersion = 10.0.40219.1
Project("{FAE04EC0-301F-11D3-BF4B-00C04F79EFBC}") = "eTickets", "eTickets\eTickets.csproj", "{B735B851-239B-4C5F-8319-9D9EA1501CF1}"
EndProject
Global
	GlobalSection(SolutionConfigurationPlatforms) = preSolution
		Debug|Any CPU = Debug|Any CPU
		Release|Any CPU = Release|Any CPU
	EndGlobalSection
	GlobalSection(ProjectConfigurationPlatforms) = postSolution
		{B735B851-239B-4C5F-8319-9D9EA1501CF1}.Debug|Any CPU.ActiveCfg = Debug|Any CPU
		{B735B851-239B-4C5F-8319-9D9EA1501CF1}.Debug|Any CPU.Build.0 = Debug|Any CPU
		{B735B851-239B-4C5F-8319-9D9EA1501CF1}.Release|Any CPU.ActiveCfg = Release|Any CPU
		{B735B851-239B-4C5F-8319-9D9EA1501CF1}.Release|Any CPU.Build.0 = Release|Any CPU
	EndGlobalSection
	GlobalSection(SolutionProperties) = preSolution
		HideSolutionNode = FALSE
	EndGlobalSection
	GlobalSection(ExtensibilityGlobals) = postSolution
		SolutionGuid = {E41FA9CC-724D-410A-9E01-7AE11CE96A82}
	EndGlobalSection
EndGlobal
